
Microsoft Visual Studio Solution File, Format Version 12.00
Project("{FAE04EC0-301F-11D3-BF4B-00C04F79EFBC}") = "BookingSystem", "BookingSystem\BookingSystem.csproj", "{8D1AD772-5858-45B3-9EF0-ED83A3221229}"
EndProject
Project("{2150E333-8FDC-42A3-9474-1A3956D46DE8}") = "Solution Items", "Solution Items", "{EF9B043D-4985-47EE-A51C-21068372C4C3}"
	ProjectSection(SolutionItems) = preProject
		compose.yaml = compose.yaml
	EndProjectSection
EndProject
Project("{FAE04EC0-301F-11D3-BF4B-00C04F79EFBC}") = "BookingSystem.Domain", "BookingSystem.Domain\BookingSystem.Domain.csproj", "{6E117225-B358-4973-851B-0F17A96382B1}"
EndProject
Project("{FAE04EC0-301F-11D3-BF4B-00C04F79EFBC}") = "BookingSystem.Application", "BookingSystem.Application\BookingSystem.Application.csproj", "{455385CD-6AF5-46DC-84B7-EFF687BB046B}"
EndProject
Project("{FAE04EC0-301F-11D3-BF4B-00C04F79EFBC}") = "BookingSystem.Infrastructure", "BookingSystem.Infrastructure\BookingSystem.Infrastructure.csproj", "{A9A3AD65-9A14-4AA5-8B1E-7AF2CB411B29}"
EndProject
Global
	GlobalSection(SolutionConfigurationPlatforms) = preSolution
		Debug|Any CPU = Debug|Any CPU
		Debug|x64 = Debug|x64
		Debug|x86 = Debug|x86
		Release|Any CPU = Release|Any CPU
		Release|x64 = Release|x64
		Release|x86 = Release|x86
	EndGlobalSection
	GlobalSection(ProjectConfigurationPlatforms) = postSolution
		{8D1AD772-5858-45B3-9EF0-ED83A3221229}.Debug|Any CPU.ActiveCfg = Debug|Any CPU
		{8D1AD772-5858-45B3-9EF0-ED83A3221229}.Debug|Any CPU.Build.0 = Debug|Any CPU
		{8D1AD772-5858-45B3-9EF0-ED83A3221229}.Debug|x64.ActiveCfg = Debug|Any CPU
		{8D1AD772-5858-45B3-9EF0-ED83A3221229}.Debug|x64.Build.0 = Debug|Any CPU
		{8D1AD772-5858-45B3-9EF0-ED83A3221229}.Debug|x86.ActiveCfg = Debug|Any CPU
		{8D1AD772-5858-45B3-9EF0-ED83A3221229}.Debug|x86.Build.0 = Debug|Any CPU
		{8D1AD772-5858-45B3-9EF0-ED83A3221229}.Release|Any CPU.ActiveCfg = Release|Any CPU
		{8D1AD772-5858-45B3-9EF0-ED83A3221229}.Release|Any CPU.Build.0 = Release|Any CPU
		{8D1AD772-5858-45B3-9EF0-ED83A3221229}.Release|x64.ActiveCfg = Release|Any CPU
		{8D1AD772-5858-45B3-9EF0-ED83A3221229}.Release|x64.Build.0 = Release|Any CPU
		{8D1AD772-5858-45B3-9EF0-ED83A3221229}.Release|x86.ActiveCfg = Release|Any CPU
		{8D1AD772-5858-45B3-9EF0-ED83A3221229}.Release|x86.Build.0 = Release|Any CPU
		{6E117225-B358-4973-851B-0F17A96382B1}.Debug|Any CPU.ActiveCfg = Debug|Any CPU
		{6E117225-B358-4973-851B-0F17A96382B1}.Debug|Any CPU.Build.0 = Debug|Any CPU
		{6E117225-B358-4973-851B-0F17A96382B1}.Debug|x64.ActiveCfg = Debug|Any CPU
		{6E117225-B358-4973-851B-0F17A96382B1}.Debug|x64.Build.0 = Debug|Any CPU
		{6E117225-B358-4973-851B-0F17A96382B1}.Debug|x86.ActiveCfg = Debug|Any CPU
		{6E117225-B358-4973-851B-0F17A96382B1}.Debug|x86.Build.0 = Debug|Any CPU
		{6E117225-B358-4973-851B-0F17A96382B1}.Release|Any CPU.ActiveCfg = Release|Any CPU
		{6E117225-B358-4973-851B-0F17A96382B1}.Release|Any CPU.Build.0 = Release|Any CPU
		{6E117225-B358-4973-851B-0F17A96382B1}.Release|x64.ActiveCfg = Release|Any CPU
		{6E117225-B358-4973-851B-0F17A96382B1}.Release|x64.Build.0 = Release|Any CPU
		{6E117225-B358-4973-851B-0F17A96382B1}.Release|x86.ActiveCfg = Release|Any CPU
		{6E117225-B358-4973-851B-0F17A96382B1}.Release|x86.Build.0 = Release|Any CPU
		{455385CD-6AF5-46DC-84B7-EFF687BB046B}.Debug|Any CPU.ActiveCfg = Debug|Any CPU
		{455385CD-6AF5-46DC-84B7-EFF687BB046B}.Debug|Any CPU.Build.0 = Debug|Any CPU
		{455385CD-6AF5-46DC-84B7-EFF687BB046B}.Debug|x64.ActiveCfg = Debug|Any CPU
		{455385CD-6AF5-46DC-84B7-EFF687BB046B}.Debug|x64.Build.0 = Debug|Any CPU
		{455385CD-6AF5-46DC-84B7-EFF687BB046B}.Debug|x86.ActiveCfg = Debug|Any CPU
		{455385CD-6AF5-46DC-84B7-EFF687BB046B}.Debug|x86.Build.0 = Debug|Any CPU
		{455385CD-6AF5-46DC-84B7-EFF687BB046B}.Release|Any CPU.ActiveCfg = Release|Any CPU
		{455385CD-6AF5-46DC-84B7-EFF687BB046B}.Release|Any CPU.Build.0 = Release|Any CPU
		{455385CD-6AF5-46DC-84B7-EFF687BB046B}.Release|x64.ActiveCfg = Release|Any CPU
		{455385CD-6AF5-46DC-84B7-EFF687BB046B}.Release|x64.Build.0 = Release|Any CPU
		{455385CD-6AF5-46DC-84B7-EFF687BB046B}.Release|x86.ActiveCfg = Release|Any CPU
		{455385CD-6AF5-46DC-84B7-EFF687BB046B}.Release|x86.Build.0 = Release|Any CPU
		{A9A3AD65-9A14-4AA5-8B1E-7AF2CB411B29}.Debug|Any CPU.ActiveCfg = Debug|Any CPU
		{A9A3AD65-9A14-4AA5-8B1E-7AF2CB411B29}.Debug|Any CPU.Build.0 = Debug|Any CPU
		{A9A3AD65-9A14-4AA5-8B1E-7AF2CB411B29}.Debug|x64.ActiveCfg = Debug|Any CPU
		{A9A3AD65-9A14-4AA5-8B1E-7AF2CB411B29}.Debug|x64.Build.0 = Debug|Any CPU
		{A9A3AD65-9A14-4AA5-8B1E-7AF2CB411B29}.Debug|x86.ActiveCfg = Debug|Any CPU
		{A9A3AD65-9A14-4AA5-8B1E-7AF2CB411B29}.Debug|x86.Build.0 = Debug|Any CPU
		{A9A3AD65-9A14-4AA5-8B1E-7AF2CB411B29}.Release|Any CPU.ActiveCfg = Release|Any CPU
		{A9A3AD65-9A14-4AA5-8B1E-7AF2CB411B29}.Release|Any CPU.Build.0 = Release|Any CPU
		{A9A3AD65-9A14-4AA5-8B1E-7AF2CB411B29}.Release|x64.ActiveCfg = Release|Any CPU
		{A9A3AD65-9A14-4AA5-8B1E-7AF2CB411B29}.Release|x64.Build.0 = Release|Any CPU
		{A9A3AD65-9A14-4AA5-8B1E-7AF2CB411B29}.Release|x86.ActiveCfg = Release|Any CPU
		{A9A3AD65-9A14-4AA5-8B1E-7AF2CB411B29}.Release|x86.Build.0 = Release|Any CPU
	EndGlobalSection
	GlobalSection(SolutionProperties) = preSolution
		HideSolutionNode = FALSE
	EndGlobalSection
EndGlobal
